
Microsoft Visual Studio Solution File, Format Version 12.00
# Visual Studio Version 17
VisualStudioVersion = 17.11.35327.3
MinimumVisualStudioVersion = 10.0.40219.1
Project("{FAE04EC0-301F-11D3-BF4B-00C04F79EFBC}") = "ConsoleApp14", "ConsoleApp14.csproj", "{C87C97C7-9381-4195-B71E-EA5EE15A952C}"
EndProject
Global
	GlobalSection(SolutionConfigurationPlatforms) = preSolution
		Debug|Any CPU = Debug|Any CPU
		Release|Any CPU = Release|Any CPU
	EndGlobalSection
	GlobalSection(ProjectConfigurationPlatforms) = postSolution
		{C87C97C7-9381-4195-B71E-EA5EE15A952C}.Debug|Any CPU.ActiveCfg = Debug|Any CPU
		{C87C97C7-9381-4195-B71E-EA5EE15A952C}.Debug|Any CPU.Build.0 = Debug|Any CPU
		{C87C97C7-9381-4195-B71E-EA5EE15A952C}.Release|Any CPU.ActiveCfg = Release|Any CPU
		{C87C97C7-9381-4195-B71E-EA5EE15A952C}.Release|Any CPU.Build.0 = Release|Any CPU
	EndGlobalSection
	GlobalSection(SolutionProperties) = preSolution
		HideSolutionNode = FALSE
	EndGlobalSection
	GlobalSection(ExtensibilityGlobals) = postSolution
		SolutionGuid = {9C49B5EC-AF97-4FC2-8C4C-DEF79BAD7904}
	EndGlobalSection
EndGlobal
